// !$*UTF8*$!
{
	archiveVersion = 1;
	classes = {
	};
	objectVersion = 46;
	objects = {

/* Begin PBXBuildFile section */
		OBJ_100 /* SocketProtocols.swift in Sources */ = {isa = PBXBuildFile; fileRef = OBJ_73 /* SocketProtocols.swift */; };
		OBJ_101 /* SocketUtils.swift in Sources */ = {isa = PBXBuildFile; fileRef = OBJ_74 /* SocketUtils.swift */; };
		OBJ_108 /* SSLService.swift in Sources */ = {isa = PBXBuildFile; fileRef = OBJ_69 /* SSLService.swift */; };
		OBJ_110 /* Socket.framework in Frameworks */ = {isa = PBXBuildFile; fileRef = OBJ_80 /* Socket.framework */; };
		OBJ_117 /* BufferList.swift in Sources */ = {isa = PBXBuildFile; fileRef = OBJ_21 /* BufferList.swift */; };
		OBJ_118 /* ClientRequest.swift in Sources */ = {isa = PBXBuildFile; fileRef = OBJ_22 /* ClientRequest.swift */; };
		OBJ_119 /* ClientResponse.swift in Sources */ = {isa = PBXBuildFile; fileRef = OBJ_23 /* ClientResponse.swift */; };
		OBJ_120 /* ConnectionUpgradeFactory.swift in Sources */ = {isa = PBXBuildFile; fileRef = OBJ_24 /* ConnectionUpgradeFactory.swift */; };
		OBJ_121 /* ConnectionUpgrader.swift in Sources */ = {isa = PBXBuildFile; fileRef = OBJ_25 /* ConnectionUpgrader.swift */; };
		OBJ_122 /* Error.swift in Sources */ = {isa = PBXBuildFile; fileRef = OBJ_26 /* Error.swift */; };
		OBJ_123 /* HeadersContainer.swift in Sources */ = {isa = PBXBuildFile; fileRef = OBJ_27 /* HeadersContainer.swift */; };
		OBJ_124 /* IncomingSocketHandler.swift in Sources */ = {isa = PBXBuildFile; fileRef = OBJ_28 /* IncomingSocketHandler.swift */; };
		OBJ_125 /* IncomingSocketManager.swift in Sources */ = {isa = PBXBuildFile; fileRef = OBJ_29 /* IncomingSocketManager.swift */; };
		OBJ_126 /* IncomingSocketProcessor.swift in Sources */ = {isa = PBXBuildFile; fileRef = OBJ_30 /* IncomingSocketProcessor.swift */; };
		OBJ_127 /* IncomingSocketProcessorCreator.swift in Sources */ = {isa = PBXBuildFile; fileRef = OBJ_31 /* IncomingSocketProcessorCreator.swift */; };
		OBJ_128 /* ListenerGroup.swift in Sources */ = {isa = PBXBuildFile; fileRef = OBJ_32 /* ListenerGroup.swift */; };
		OBJ_129 /* ServerRequest.swift in Sources */ = {isa = PBXBuildFile; fileRef = OBJ_33 /* ServerRequest.swift */; };
		OBJ_130 /* ServerResponse.swift in Sources */ = {isa = PBXBuildFile; fileRef = OBJ_34 /* ServerResponse.swift */; };
		OBJ_131 /* SPIUtils.swift in Sources */ = {isa = PBXBuildFile; fileRef = OBJ_35 /* SPIUtils.swift */; };
		OBJ_132 /* FastCGI.swift in Sources */ = {isa = PBXBuildFile; fileRef = OBJ_37 /* FastCGI.swift */; };
		OBJ_133 /* FastCGIRecordCreate.swift in Sources */ = {isa = PBXBuildFile; fileRef = OBJ_38 /* FastCGIRecordCreate.swift */; };
		OBJ_134 /* FastCGIRecordParser.swift in Sources */ = {isa = PBXBuildFile; fileRef = OBJ_39 /* FastCGIRecordParser.swift */; };
		OBJ_135 /* FastCGIServer.swift in Sources */ = {isa = PBXBuildFile; fileRef = OBJ_40 /* FastCGIServer.swift */; };
		OBJ_136 /* FastCGIServerRequest.swift in Sources */ = {isa = PBXBuildFile; fileRef = OBJ_41 /* FastCGIServerRequest.swift */; };
		OBJ_137 /* FastCGIServerResponse.swift in Sources */ = {isa = PBXBuildFile; fileRef = OBJ_42 /* FastCGIServerResponse.swift */; };
		OBJ_138 /* HTTP.swift in Sources */ = {isa = PBXBuildFile; fileRef = OBJ_44 /* HTTP.swift */; };
		OBJ_139 /* HTTPServer.swift in Sources */ = {isa = PBXBuildFile; fileRef = OBJ_45 /* HTTPServer.swift */; };
		OBJ_140 /* HTTPServerRequest.swift in Sources */ = {isa = PBXBuildFile; fileRef = OBJ_46 /* HTTPServerRequest.swift */; };
		OBJ_141 /* HTTPServerResponse.swift in Sources */ = {isa = PBXBuildFile; fileRef = OBJ_47 /* HTTPServerResponse.swift */; };
		OBJ_142 /* IncomingHTTPSocketProcessor.swift in Sources */ = {isa = PBXBuildFile; fileRef = OBJ_48 /* IncomingHTTPSocketProcessor.swift */; };
		OBJ_143 /* HTTPParser.swift in Sources */ = {isa = PBXBuildFile; fileRef = OBJ_50 /* HTTPParser.swift */; };
		OBJ_144 /* HTTPParserStatus.swift in Sources */ = {isa = PBXBuildFile; fileRef = OBJ_51 /* HTTPParserStatus.swift */; };
		OBJ_145 /* ParseResults.swift in Sources */ = {isa = PBXBuildFile; fileRef = OBJ_52 /* ParseResults.swift */; };
		OBJ_146 /* URLParser.swift in Sources */ = {isa = PBXBuildFile; fileRef = OBJ_53 /* URLParser.swift */; };
		OBJ_147 /* Server.swift in Sources */ = {isa = PBXBuildFile; fileRef = OBJ_55 /* Server.swift */; };
		OBJ_148 /* ServerDelegate.swift in Sources */ = {isa = PBXBuildFile; fileRef = OBJ_56 /* ServerDelegate.swift */; };
		OBJ_149 /* ServerLifecycleListener.swift in Sources */ = {isa = PBXBuildFile; fileRef = OBJ_57 /* ServerLifecycleListener.swift */; };
		OBJ_150 /* ServerMonitor.swift in Sources */ = {isa = PBXBuildFile; fileRef = OBJ_58 /* ServerMonitor.swift */; };
		OBJ_151 /* ServerState.swift in Sources */ = {isa = PBXBuildFile; fileRef = OBJ_59 /* ServerState.swift */; };
		OBJ_153 /* LoggerAPI.framework in Frameworks */ = {isa = PBXBuildFile; fileRef = OBJ_79 /* LoggerAPI.framework */; };
		OBJ_154 /* Socket.framework in Frameworks */ = {isa = PBXBuildFile; fileRef = OBJ_80 /* Socket.framework */; };
		OBJ_155 /* SSLService.framework in Frameworks */ = {isa = PBXBuildFile; fileRef = OBJ_81 /* SSLService.framework */; };
		OBJ_156 /* CHTTPParser.framework in Frameworks */ = {isa = PBXBuildFile; fileRef = OBJ_83 /* CHTTPParser.framework */; };
		OBJ_167 /* http_parser.c in Sources */ = {isa = PBXBuildFile; fileRef = OBJ_61 /* http_parser.c */; };
		OBJ_168 /* utils.c in Sources */ = {isa = PBXBuildFile; fileRef = OBJ_62 /* utils.c */; };
		OBJ_170 /* LoggerAPI.framework in Frameworks */ = {isa = PBXBuildFile; fileRef = OBJ_79 /* LoggerAPI.framework */; };
		OBJ_171 /* Socket.framework in Frameworks */ = {isa = PBXBuildFile; fileRef = OBJ_80 /* Socket.framework */; };
		OBJ_172 /* SSLService.framework in Frameworks */ = {isa = PBXBuildFile; fileRef = OBJ_81 /* SSLService.framework */; };
		OBJ_181 /* LclJSONSerialization.swift in Sources */ = {isa = PBXBuildFile; fileRef = OBJ_17 /* LclJSONSerialization.swift */; };
		OBJ_182 /* SwiftyJSON.swift in Sources */ = {isa = PBXBuildFile; fileRef = OBJ_18 /* SwiftyJSON.swift */; };
		OBJ_189 /* Request.swift in Sources */ = {isa = PBXBuildFile; fileRef = OBJ_9 /* Request.swift */; };
		OBJ_190 /* ResponseRecorder.swift in Sources */ = {isa = PBXBuildFile; fileRef = OBJ_10 /* ResponseRecorder.swift */; };
		OBJ_192 /* LoggerAPI.framework in Frameworks */ = {isa = PBXBuildFile; fileRef = OBJ_79 /* LoggerAPI.framework */; };
		OBJ_193 /* Socket.framework in Frameworks */ = {isa = PBXBuildFile; fileRef = OBJ_80 /* Socket.framework */; };
		OBJ_194 /* SSLService.framework in Frameworks */ = {isa = PBXBuildFile; fileRef = OBJ_81 /* SSLService.framework */; };
		OBJ_195 /* CHTTPParser.framework in Frameworks */ = {isa = PBXBuildFile; fileRef = OBJ_83 /* CHTTPParser.framework */; };
		OBJ_196 /* KituraNet.framework in Frameworks */ = {isa = PBXBuildFile; fileRef = OBJ_82 /* KituraNet.framework */; };
		OBJ_197 /* SwiftyJSON.framework in Frameworks */ = {isa = PBXBuildFile; fileRef = OBJ_84 /* SwiftyJSON.framework */; };
		OBJ_209 /* RequestTests.swift in Sources */ = {isa = PBXBuildFile; fileRef = OBJ_13 /* RequestTests.swift */; };
		OBJ_210 /* ResponseRecorderTests.swift in Sources */ = {isa = PBXBuildFile; fileRef = OBJ_14 /* ResponseRecorderTests.swift */; };
		OBJ_212 /* LoggerAPI.framework in Frameworks */ = {isa = PBXBuildFile; fileRef = OBJ_79 /* LoggerAPI.framework */; };
		OBJ_213 /* Socket.framework in Frameworks */ = {isa = PBXBuildFile; fileRef = OBJ_80 /* Socket.framework */; };
		OBJ_214 /* SSLService.framework in Frameworks */ = {isa = PBXBuildFile; fileRef = OBJ_81 /* SSLService.framework */; };
		OBJ_215 /* CHTTPParser.framework in Frameworks */ = {isa = PBXBuildFile; fileRef = OBJ_83 /* CHTTPParser.framework */; };
		OBJ_216 /* KituraNet.framework in Frameworks */ = {isa = PBXBuildFile; fileRef = OBJ_82 /* KituraNet.framework */; };
		OBJ_217 /* SwiftyJSON.framework in Frameworks */ = {isa = PBXBuildFile; fileRef = OBJ_84 /* SwiftyJSON.framework */; };
		OBJ_218 /* KituraHTTPTest.framework in Frameworks */ = {isa = PBXBuildFile; fileRef = OBJ_85 /* KituraHTTPTest.framework */; };
		OBJ_92 /* Logger.swift in Sources */ = {isa = PBXBuildFile; fileRef = OBJ_77 /* Logger.swift */; };
		OBJ_99 /* Socket.swift in Sources */ = {isa = PBXBuildFile; fileRef = OBJ_72 /* Socket.swift */; };
/* End PBXBuildFile section */

/* Begin PBXContainerItemProxy section */
		80B8F94D1F0BBDB800E15D38 /* PBXContainerItemProxy */ = {
			isa = PBXContainerItemProxy;
			containerPortal = OBJ_1 /* Project object */;
			proxyType = 1;
			remoteGlobalIDString = OBJ_87;
			remoteInfo = LoggerAPI;
		};
		80B8F94E1F0BBDB800E15D38 /* PBXContainerItemProxy */ = {
			isa = PBXContainerItemProxy;
			containerPortal = OBJ_1 /* Project object */;
			proxyType = 1;
			remoteGlobalIDString = OBJ_94;
			remoteInfo = Socket;
		};
		80B8F94F1F0BBDB800E15D38 /* PBXContainerItemProxy */ = {
			isa = PBXContainerItemProxy;
			containerPortal = OBJ_1 /* Project object */;
			proxyType = 1;
			remoteGlobalIDString = OBJ_103;
			remoteInfo = SSLService;
		};
		80B8F9501F0BBDB800E15D38 /* PBXContainerItemProxy */ = {
			isa = PBXContainerItemProxy;
			containerPortal = OBJ_1 /* Project object */;
			proxyType = 1;
			remoteGlobalIDString = OBJ_94;
			remoteInfo = Socket;
		};
		80B8F9511F0BBDB800E15D38 /* PBXContainerItemProxy */ = {
			isa = PBXContainerItemProxy;
			containerPortal = OBJ_1 /* Project object */;
			proxyType = 1;
			remoteGlobalIDString = OBJ_161;
			remoteInfo = CHTTPParser;
		};
		80B8F9521F0BBDB800E15D38 /* PBXContainerItemProxy */ = {
			isa = PBXContainerItemProxy;
			containerPortal = OBJ_1 /* Project object */;
			proxyType = 1;
			remoteGlobalIDString = OBJ_87;
			remoteInfo = LoggerAPI;
		};
		80B8F9531F0BBDB800E15D38 /* PBXContainerItemProxy */ = {
			isa = PBXContainerItemProxy;
			containerPortal = OBJ_1 /* Project object */;
			proxyType = 1;
			remoteGlobalIDString = OBJ_94;
			remoteInfo = Socket;
		};
		80B8F9541F0BBDB800E15D38 /* PBXContainerItemProxy */ = {
			isa = PBXContainerItemProxy;
			containerPortal = OBJ_1 /* Project object */;
			proxyType = 1;
			remoteGlobalIDString = OBJ_103;
			remoteInfo = SSLService;
		};
		80B8F9551F0BBDB800E15D38 /* PBXContainerItemProxy */ = {
			isa = PBXContainerItemProxy;
			containerPortal = OBJ_1 /* Project object */;
			proxyType = 1;
			remoteGlobalIDString = OBJ_112;
			remoteInfo = KituraNet;
		};
		80B8F9561F0BBDB800E15D38 /* PBXContainerItemProxy */ = {
			isa = PBXContainerItemProxy;
			containerPortal = OBJ_1 /* Project object */;
			proxyType = 1;
			remoteGlobalIDString = OBJ_87;
			remoteInfo = LoggerAPI;
		};
		80B8F9571F0BBDB800E15D38 /* PBXContainerItemProxy */ = {
			isa = PBXContainerItemProxy;
			containerPortal = OBJ_1 /* Project object */;
			proxyType = 1;
			remoteGlobalIDString = OBJ_94;
			remoteInfo = Socket;
		};
		80B8F9581F0BBDB800E15D38 /* PBXContainerItemProxy */ = {
			isa = PBXContainerItemProxy;
			containerPortal = OBJ_1 /* Project object */;
			proxyType = 1;
			remoteGlobalIDString = OBJ_103;
			remoteInfo = SSLService;
		};
		80B8F9591F0BBDB800E15D38 /* PBXContainerItemProxy */ = {
			isa = PBXContainerItemProxy;
			containerPortal = OBJ_1 /* Project object */;
			proxyType = 1;
			remoteGlobalIDString = OBJ_161;
			remoteInfo = CHTTPParser;
		};
		80B8F95A1F0BBDB800E15D38 /* PBXContainerItemProxy */ = {
			isa = PBXContainerItemProxy;
			containerPortal = OBJ_1 /* Project object */;
			proxyType = 1;
			remoteGlobalIDString = OBJ_176;
			remoteInfo = SwiftyJSON;
		};
		80B8F95B1F0BBDB800E15D38 /* PBXContainerItemProxy */ = {
			isa = PBXContainerItemProxy;
			containerPortal = OBJ_1 /* Project object */;
			proxyType = 1;
			remoteGlobalIDString = OBJ_87;
			remoteInfo = LoggerAPI;
		};
		80B8F95C1F0BBDB800E15D38 /* PBXContainerItemProxy */ = {
			isa = PBXContainerItemProxy;
			containerPortal = OBJ_1 /* Project object */;
			proxyType = 1;
			remoteGlobalIDString = OBJ_94;
			remoteInfo = Socket;
		};
		80B8F95D1F0BBDB800E15D38 /* PBXContainerItemProxy */ = {
			isa = PBXContainerItemProxy;
			containerPortal = OBJ_1 /* Project object */;
			proxyType = 1;
			remoteGlobalIDString = OBJ_103;
			remoteInfo = SSLService;
		};
		80B8F95E1F0BBDB800E15D38 /* PBXContainerItemProxy */ = {
			isa = PBXContainerItemProxy;
			containerPortal = OBJ_1 /* Project object */;
			proxyType = 1;
			remoteGlobalIDString = OBJ_161;
			remoteInfo = CHTTPParser;
		};
		80B8F95F1F0BBDB800E15D38 /* PBXContainerItemProxy */ = {
			isa = PBXContainerItemProxy;
			containerPortal = OBJ_1 /* Project object */;
			proxyType = 1;
			remoteGlobalIDString = OBJ_112;
			remoteInfo = KituraNet;
		};
		80B8F9601F0BBDB800E15D38 /* PBXContainerItemProxy */ = {
			isa = PBXContainerItemProxy;
			containerPortal = OBJ_1 /* Project object */;
			proxyType = 1;
			remoteGlobalIDString = OBJ_176;
			remoteInfo = SwiftyJSON;
		};
		80B8F9611F0BBDB800E15D38 /* PBXContainerItemProxy */ = {
			isa = PBXContainerItemProxy;
			containerPortal = OBJ_1 /* Project object */;
			proxyType = 1;
			remoteGlobalIDString = OBJ_184;
			remoteInfo = KituraHTTPTest;
		};
/* End PBXContainerItemProxy section */

/* Begin PBXFileReference section */
		OBJ_10 /* ResponseRecorder.swift */ = {isa = PBXFileReference; lastKnownFileType = sourcecode.swift; path = ResponseRecorder.swift; sourceTree = "<group>"; };
		OBJ_13 /* RequestTests.swift */ = {isa = PBXFileReference; lastKnownFileType = sourcecode.swift; path = RequestTests.swift; sourceTree = "<group>"; };
		OBJ_14 /* ResponseRecorderTests.swift */ = {isa = PBXFileReference; lastKnownFileType = sourcecode.swift; path = ResponseRecorderTests.swift; sourceTree = "<group>"; };
		OBJ_17 /* LclJSONSerialization.swift */ = {isa = PBXFileReference; lastKnownFileType = sourcecode.swift; path = LclJSONSerialization.swift; sourceTree = "<group>"; };
		OBJ_18 /* SwiftyJSON.swift */ = {isa = PBXFileReference; lastKnownFileType = sourcecode.swift; path = SwiftyJSON.swift; sourceTree = "<group>"; };
		OBJ_21 /* BufferList.swift */ = {isa = PBXFileReference; lastKnownFileType = sourcecode.swift; path = BufferList.swift; sourceTree = "<group>"; };
		OBJ_22 /* ClientRequest.swift */ = {isa = PBXFileReference; lastKnownFileType = sourcecode.swift; path = ClientRequest.swift; sourceTree = "<group>"; };
		OBJ_23 /* ClientResponse.swift */ = {isa = PBXFileReference; lastKnownFileType = sourcecode.swift; path = ClientResponse.swift; sourceTree = "<group>"; };
		OBJ_24 /* ConnectionUpgradeFactory.swift */ = {isa = PBXFileReference; lastKnownFileType = sourcecode.swift; path = ConnectionUpgradeFactory.swift; sourceTree = "<group>"; };
		OBJ_25 /* ConnectionUpgrader.swift */ = {isa = PBXFileReference; lastKnownFileType = sourcecode.swift; path = ConnectionUpgrader.swift; sourceTree = "<group>"; };
		OBJ_26 /* Error.swift */ = {isa = PBXFileReference; lastKnownFileType = sourcecode.swift; path = Error.swift; sourceTree = "<group>"; };
		OBJ_27 /* HeadersContainer.swift */ = {isa = PBXFileReference; lastKnownFileType = sourcecode.swift; path = HeadersContainer.swift; sourceTree = "<group>"; };
		OBJ_28 /* IncomingSocketHandler.swift */ = {isa = PBXFileReference; lastKnownFileType = sourcecode.swift; path = IncomingSocketHandler.swift; sourceTree = "<group>"; };
		OBJ_29 /* IncomingSocketManager.swift */ = {isa = PBXFileReference; lastKnownFileType = sourcecode.swift; path = IncomingSocketManager.swift; sourceTree = "<group>"; };
		OBJ_30 /* IncomingSocketProcessor.swift */ = {isa = PBXFileReference; lastKnownFileType = sourcecode.swift; path = IncomingSocketProcessor.swift; sourceTree = "<group>"; };
		OBJ_31 /* IncomingSocketProcessorCreator.swift */ = {isa = PBXFileReference; lastKnownFileType = sourcecode.swift; path = IncomingSocketProcessorCreator.swift; sourceTree = "<group>"; };
		OBJ_32 /* ListenerGroup.swift */ = {isa = PBXFileReference; lastKnownFileType = sourcecode.swift; path = ListenerGroup.swift; sourceTree = "<group>"; };
		OBJ_33 /* ServerRequest.swift */ = {isa = PBXFileReference; lastKnownFileType = sourcecode.swift; path = ServerRequest.swift; sourceTree = "<group>"; };
		OBJ_34 /* ServerResponse.swift */ = {isa = PBXFileReference; lastKnownFileType = sourcecode.swift; path = ServerResponse.swift; sourceTree = "<group>"; };
		OBJ_35 /* SPIUtils.swift */ = {isa = PBXFileReference; lastKnownFileType = sourcecode.swift; path = SPIUtils.swift; sourceTree = "<group>"; };
		OBJ_37 /* FastCGI.swift */ = {isa = PBXFileReference; lastKnownFileType = sourcecode.swift; path = FastCGI.swift; sourceTree = "<group>"; };
		OBJ_38 /* FastCGIRecordCreate.swift */ = {isa = PBXFileReference; lastKnownFileType = sourcecode.swift; path = FastCGIRecordCreate.swift; sourceTree = "<group>"; };
		OBJ_39 /* FastCGIRecordParser.swift */ = {isa = PBXFileReference; lastKnownFileType = sourcecode.swift; path = FastCGIRecordParser.swift; sourceTree = "<group>"; };
		OBJ_40 /* FastCGIServer.swift */ = {isa = PBXFileReference; lastKnownFileType = sourcecode.swift; path = FastCGIServer.swift; sourceTree = "<group>"; };
		OBJ_41 /* FastCGIServerRequest.swift */ = {isa = PBXFileReference; lastKnownFileType = sourcecode.swift; path = FastCGIServerRequest.swift; sourceTree = "<group>"; };
		OBJ_42 /* FastCGIServerResponse.swift */ = {isa = PBXFileReference; lastKnownFileType = sourcecode.swift; path = FastCGIServerResponse.swift; sourceTree = "<group>"; };
		OBJ_44 /* HTTP.swift */ = {isa = PBXFileReference; lastKnownFileType = sourcecode.swift; path = HTTP.swift; sourceTree = "<group>"; };
		OBJ_45 /* HTTPServer.swift */ = {isa = PBXFileReference; lastKnownFileType = sourcecode.swift; path = HTTPServer.swift; sourceTree = "<group>"; };
		OBJ_46 /* HTTPServerRequest.swift */ = {isa = PBXFileReference; lastKnownFileType = sourcecode.swift; path = HTTPServerRequest.swift; sourceTree = "<group>"; };
		OBJ_47 /* HTTPServerResponse.swift */ = {isa = PBXFileReference; lastKnownFileType = sourcecode.swift; path = HTTPServerResponse.swift; sourceTree = "<group>"; };
		OBJ_48 /* IncomingHTTPSocketProcessor.swift */ = {isa = PBXFileReference; lastKnownFileType = sourcecode.swift; path = IncomingHTTPSocketProcessor.swift; sourceTree = "<group>"; };
		OBJ_50 /* HTTPParser.swift */ = {isa = PBXFileReference; lastKnownFileType = sourcecode.swift; path = HTTPParser.swift; sourceTree = "<group>"; };
		OBJ_51 /* HTTPParserStatus.swift */ = {isa = PBXFileReference; lastKnownFileType = sourcecode.swift; path = HTTPParserStatus.swift; sourceTree = "<group>"; };
		OBJ_52 /* ParseResults.swift */ = {isa = PBXFileReference; lastKnownFileType = sourcecode.swift; path = ParseResults.swift; sourceTree = "<group>"; };
		OBJ_53 /* URLParser.swift */ = {isa = PBXFileReference; lastKnownFileType = sourcecode.swift; path = URLParser.swift; sourceTree = "<group>"; };
		OBJ_55 /* Server.swift */ = {isa = PBXFileReference; lastKnownFileType = sourcecode.swift; path = Server.swift; sourceTree = "<group>"; };
		OBJ_56 /* ServerDelegate.swift */ = {isa = PBXFileReference; lastKnownFileType = sourcecode.swift; path = ServerDelegate.swift; sourceTree = "<group>"; };
		OBJ_57 /* ServerLifecycleListener.swift */ = {isa = PBXFileReference; lastKnownFileType = sourcecode.swift; path = ServerLifecycleListener.swift; sourceTree = "<group>"; };
		OBJ_58 /* ServerMonitor.swift */ = {isa = PBXFileReference; lastKnownFileType = sourcecode.swift; path = ServerMonitor.swift; sourceTree = "<group>"; };
		OBJ_59 /* ServerState.swift */ = {isa = PBXFileReference; lastKnownFileType = sourcecode.swift; path = ServerState.swift; sourceTree = "<group>"; };
		OBJ_6 /* Package.swift */ = {isa = PBXFileReference; explicitFileType = sourcecode.swift; path = Package.swift; sourceTree = "<group>"; };
		OBJ_61 /* http_parser.c */ = {isa = PBXFileReference; lastKnownFileType = sourcecode.c.c; path = http_parser.c; sourceTree = "<group>"; };
		OBJ_62 /* utils.c */ = {isa = PBXFileReference; lastKnownFileType = sourcecode.c.c; path = utils.c; sourceTree = "<group>"; };
		OBJ_64 /* CHTTPParser.h */ = {isa = PBXFileReference; lastKnownFileType = sourcecode.c.h; path = CHTTPParser.h; sourceTree = "<group>"; };
		OBJ_65 /* http_parser.h */ = {isa = PBXFileReference; lastKnownFileType = sourcecode.c.h; path = http_parser.h; sourceTree = "<group>"; };
		OBJ_66 /* utils.h */ = {isa = PBXFileReference; lastKnownFileType = sourcecode.c.h; path = utils.h; sourceTree = "<group>"; };
		OBJ_67 /* module.modulemap */ = {isa = PBXFileReference; lastKnownFileType = "sourcecode.module-map"; name = module.modulemap; path = "/Users/nicj/Developer/swift/kitura-http-test/KituraHTTPTest.xcodeproj/GeneratedModuleMap/CHTTPParser/module.modulemap"; sourceTree = "<group>"; };
		OBJ_69 /* SSLService.swift */ = {isa = PBXFileReference; lastKnownFileType = sourcecode.swift; path = SSLService.swift; sourceTree = "<group>"; };
		OBJ_72 /* Socket.swift */ = {isa = PBXFileReference; lastKnownFileType = sourcecode.swift; path = Socket.swift; sourceTree = "<group>"; };
		OBJ_73 /* SocketProtocols.swift */ = {isa = PBXFileReference; lastKnownFileType = sourcecode.swift; path = SocketProtocols.swift; sourceTree = "<group>"; };
		OBJ_74 /* SocketUtils.swift */ = {isa = PBXFileReference; lastKnownFileType = sourcecode.swift; path = SocketUtils.swift; sourceTree = "<group>"; };
		OBJ_77 /* Logger.swift */ = {isa = PBXFileReference; lastKnownFileType = sourcecode.swift; path = Logger.swift; sourceTree = "<group>"; };
		OBJ_79 /* LoggerAPI.framework */ = {isa = PBXFileReference; explicitFileType = wrapper.framework; path = LoggerAPI.framework; sourceTree = BUILT_PRODUCTS_DIR; };
		OBJ_80 /* Socket.framework */ = {isa = PBXFileReference; explicitFileType = wrapper.framework; path = Socket.framework; sourceTree = BUILT_PRODUCTS_DIR; };
		OBJ_81 /* SSLService.framework */ = {isa = PBXFileReference; explicitFileType = wrapper.framework; path = SSLService.framework; sourceTree = BUILT_PRODUCTS_DIR; };
		OBJ_82 /* KituraNet.framework */ = {isa = PBXFileReference; explicitFileType = wrapper.framework; path = KituraNet.framework; sourceTree = BUILT_PRODUCTS_DIR; };
		OBJ_83 /* CHTTPParser.framework */ = {isa = PBXFileReference; explicitFileType = wrapper.framework; path = CHTTPParser.framework; sourceTree = BUILT_PRODUCTS_DIR; };
		OBJ_84 /* SwiftyJSON.framework */ = {isa = PBXFileReference; explicitFileType = wrapper.framework; path = SwiftyJSON.framework; sourceTree = BUILT_PRODUCTS_DIR; };
		OBJ_85 /* KituraHTTPTest.framework */ = {isa = PBXFileReference; explicitFileType = wrapper.framework; path = KituraHTTPTest.framework; sourceTree = BUILT_PRODUCTS_DIR; };
		OBJ_86 /* KituraHTTPTestTests.xctest */ = {isa = PBXFileReference; lastKnownFileType = file; path = KituraHTTPTestTests.xctest; sourceTree = BUILT_PRODUCTS_DIR; };
		OBJ_9 /* Request.swift */ = {isa = PBXFileReference; lastKnownFileType = sourcecode.swift; path = Request.swift; sourceTree = "<group>"; };
/* End PBXFileReference section */

/* Begin PBXFrameworksBuildPhase section */
		OBJ_102 /* Frameworks */ = {
			isa = PBXFrameworksBuildPhase;
			buildActionMask = 0;
			files = (
			);
			runOnlyForDeploymentPostprocessing = 0;
		};
		OBJ_109 /* Frameworks */ = {
			isa = PBXFrameworksBuildPhase;
			buildActionMask = 0;
			files = (
				OBJ_110 /* Socket.framework in Frameworks */,
			);
			runOnlyForDeploymentPostprocessing = 0;
		};
		OBJ_152 /* Frameworks */ = {
			isa = PBXFrameworksBuildPhase;
			buildActionMask = 0;
			files = (
				OBJ_153 /* LoggerAPI.framework in Frameworks */,
				OBJ_154 /* Socket.framework in Frameworks */,
				OBJ_155 /* SSLService.framework in Frameworks */,
				OBJ_156 /* CHTTPParser.framework in Frameworks */,
			);
			runOnlyForDeploymentPostprocessing = 0;
		};
		OBJ_169 /* Frameworks */ = {
			isa = PBXFrameworksBuildPhase;
			buildActionMask = 0;
			files = (
				OBJ_170 /* LoggerAPI.framework in Frameworks */,
				OBJ_171 /* Socket.framework in Frameworks */,
				OBJ_172 /* SSLService.framework in Frameworks */,
			);
			runOnlyForDeploymentPostprocessing = 0;
		};
		OBJ_183 /* Frameworks */ = {
			isa = PBXFrameworksBuildPhase;
			buildActionMask = 0;
			files = (
			);
			runOnlyForDeploymentPostprocessing = 0;
		};
		OBJ_191 /* Frameworks */ = {
			isa = PBXFrameworksBuildPhase;
			buildActionMask = 0;
			files = (
				OBJ_192 /* LoggerAPI.framework in Frameworks */,
				OBJ_193 /* Socket.framework in Frameworks */,
				OBJ_194 /* SSLService.framework in Frameworks */,
				OBJ_195 /* CHTTPParser.framework in Frameworks */,
				OBJ_196 /* KituraNet.framework in Frameworks */,
				OBJ_197 /* SwiftyJSON.framework in Frameworks */,
			);
			runOnlyForDeploymentPostprocessing = 0;
		};
		OBJ_211 /* Frameworks */ = {
			isa = PBXFrameworksBuildPhase;
			buildActionMask = 0;
			files = (
				OBJ_212 /* LoggerAPI.framework in Frameworks */,
				OBJ_213 /* Socket.framework in Frameworks */,
				OBJ_214 /* SSLService.framework in Frameworks */,
				OBJ_215 /* CHTTPParser.framework in Frameworks */,
				OBJ_216 /* KituraNet.framework in Frameworks */,
				OBJ_217 /* SwiftyJSON.framework in Frameworks */,
				OBJ_218 /* KituraHTTPTest.framework in Frameworks */,
			);
			runOnlyForDeploymentPostprocessing = 0;
		};
		OBJ_93 /* Frameworks */ = {
			isa = PBXFrameworksBuildPhase;
			buildActionMask = 0;
			files = (
			);
			runOnlyForDeploymentPostprocessing = 0;
		};
/* End PBXFrameworksBuildPhase section */

/* Begin PBXGroup section */
		OBJ_11 /* Tests */ = {
			isa = PBXGroup;
			children = (
				OBJ_12 /* KituraHTTPTestTests */,
			);
			name = Tests;
			sourceTree = SOURCE_ROOT;
		};
		OBJ_12 /* KituraHTTPTestTests */ = {
			isa = PBXGroup;
			children = (
				OBJ_13 /* RequestTests.swift */,
				OBJ_14 /* ResponseRecorderTests.swift */,
			);
			name = KituraHTTPTestTests;
			path = Tests/KituraHTTPTestTests;
			sourceTree = SOURCE_ROOT;
		};
		OBJ_15 /* Dependencies */ = {
			isa = PBXGroup;
			children = (
				OBJ_16 /* SwiftyJSON 16.0.1 */,
				OBJ_19 /* Kitura-net 1.7.12 */,
				OBJ_68 /* SSLService 0.12.44 */,
				OBJ_70 /* CCurl 0.4.0 */,
				OBJ_71 /* Socket 0.12.55 */,
				OBJ_75 /* LoggerAPI 1.7.0 */,
			);
			name = Dependencies;
			sourceTree = "<group>";
		};
		OBJ_16 /* SwiftyJSON 16.0.1 */ = {
			isa = PBXGroup;
			children = (
				OBJ_17 /* LclJSONSerialization.swift */,
				OBJ_18 /* SwiftyJSON.swift */,
			);
			name = "SwiftyJSON 16.0.1";
			path = ".build/checkouts/SwiftyJSON.git--6955445084174387031/Source";
			sourceTree = SOURCE_ROOT;
		};
		OBJ_19 /* Kitura-net 1.7.12 */ = {
			isa = PBXGroup;
			children = (
				OBJ_20 /* KituraNet */,
				OBJ_60 /* CHTTPParser */,
			);
			name = "Kitura-net 1.7.12";
			sourceTree = SOURCE_ROOT;
		};
		OBJ_20 /* KituraNet */ = {
			isa = PBXGroup;
			children = (
				OBJ_21 /* BufferList.swift */,
				OBJ_22 /* ClientRequest.swift */,
				OBJ_23 /* ClientResponse.swift */,
				OBJ_24 /* ConnectionUpgradeFactory.swift */,
				OBJ_25 /* ConnectionUpgrader.swift */,
				OBJ_26 /* Error.swift */,
				OBJ_27 /* HeadersContainer.swift */,
				OBJ_28 /* IncomingSocketHandler.swift */,
				OBJ_29 /* IncomingSocketManager.swift */,
				OBJ_30 /* IncomingSocketProcessor.swift */,
				OBJ_31 /* IncomingSocketProcessorCreator.swift */,
				OBJ_32 /* ListenerGroup.swift */,
				OBJ_33 /* ServerRequest.swift */,
				OBJ_34 /* ServerResponse.swift */,
				OBJ_35 /* SPIUtils.swift */,
				OBJ_36 /* FastCGI */,
				OBJ_43 /* HTTP */,
				OBJ_49 /* HTTPParser */,
				OBJ_54 /* Server */,
			);
			name = KituraNet;
			path = ".build/checkouts/Kitura-net-6522211168865001239/Sources/KituraNet";
			sourceTree = SOURCE_ROOT;
		};
		OBJ_36 /* FastCGI */ = {
			isa = PBXGroup;
			children = (
				OBJ_37 /* FastCGI.swift */,
				OBJ_38 /* FastCGIRecordCreate.swift */,
				OBJ_39 /* FastCGIRecordParser.swift */,
				OBJ_40 /* FastCGIServer.swift */,
				OBJ_41 /* FastCGIServerRequest.swift */,
				OBJ_42 /* FastCGIServerResponse.swift */,
			);
			path = FastCGI;
			sourceTree = "<group>";
		};
		OBJ_43 /* HTTP */ = {
			isa = PBXGroup;
			children = (
				OBJ_44 /* HTTP.swift */,
				OBJ_45 /* HTTPServer.swift */,
				OBJ_46 /* HTTPServerRequest.swift */,
				OBJ_47 /* HTTPServerResponse.swift */,
				OBJ_48 /* IncomingHTTPSocketProcessor.swift */,
			);
			path = HTTP;
			sourceTree = "<group>";
		};
		OBJ_49 /* HTTPParser */ = {
			isa = PBXGroup;
			children = (
				OBJ_50 /* HTTPParser.swift */,
				OBJ_51 /* HTTPParserStatus.swift */,
				OBJ_52 /* ParseResults.swift */,
				OBJ_53 /* URLParser.swift */,
			);
			path = HTTPParser;
			sourceTree = "<group>";
		};
		OBJ_5 /*  */ = {
			isa = PBXGroup;
			children = (
				OBJ_6 /* Package.swift */,
				OBJ_7 /* Sources */,
				OBJ_11 /* Tests */,
				OBJ_15 /* Dependencies */,
				OBJ_78 /* Products */,
			);
			name = "";
			sourceTree = "<group>";
		};
		OBJ_54 /* Server */ = {
			isa = PBXGroup;
			children = (
				OBJ_55 /* Server.swift */,
				OBJ_56 /* ServerDelegate.swift */,
				OBJ_57 /* ServerLifecycleListener.swift */,
				OBJ_58 /* ServerMonitor.swift */,
				OBJ_59 /* ServerState.swift */,
			);
			path = Server;
			sourceTree = "<group>";
		};
		OBJ_60 /* CHTTPParser */ = {
			isa = PBXGroup;
			children = (
				OBJ_61 /* http_parser.c */,
				OBJ_62 /* utils.c */,
				OBJ_63 /* include */,
			);
			name = CHTTPParser;
			path = ".build/checkouts/Kitura-net-6522211168865001239/Sources/CHTTPParser";
			sourceTree = SOURCE_ROOT;
		};
		OBJ_63 /* include */ = {
			isa = PBXGroup;
			children = (
				OBJ_64 /* CHTTPParser.h */,
				OBJ_65 /* http_parser.h */,
				OBJ_66 /* utils.h */,
				OBJ_67 /* module.modulemap */,
			);
			path = include;
			sourceTree = "<group>";
		};
		OBJ_68 /* SSLService 0.12.44 */ = {
			isa = PBXGroup;
			children = (
				OBJ_69 /* SSLService.swift */,
			);
			name = "SSLService 0.12.44";
			path = ".build/checkouts/BlueSSLService.git--6577639804771281610/Sources";
			sourceTree = SOURCE_ROOT;
		};
		OBJ_7 /* Sources */ = {
			isa = PBXGroup;
			children = (
				OBJ_8 /* KituraHTTPTest */,
			);
			name = Sources;
			sourceTree = SOURCE_ROOT;
		};
		OBJ_70 /* CCurl 0.4.0 */ = {
			isa = PBXGroup;
			children = (
			);
			name = "CCurl 0.4.0";
			path = ".build/checkouts/CCurl.git-8026296523752779197";
			sourceTree = SOURCE_ROOT;
		};
		OBJ_71 /* Socket 0.12.55 */ = {
			isa = PBXGroup;
			children = (
				OBJ_72 /* Socket.swift */,
				OBJ_73 /* SocketProtocols.swift */,
				OBJ_74 /* SocketUtils.swift */,
			);
			name = "Socket 0.12.55";
			path = ".build/checkouts/BlueSocket.git-3162807777605905816/Sources";
			sourceTree = SOURCE_ROOT;
		};
		OBJ_75 /* LoggerAPI 1.7.0 */ = {
			isa = PBXGroup;
			children = (
				OBJ_76 /* LoggerAPI */,
			);
			name = "LoggerAPI 1.7.0";
			sourceTree = SOURCE_ROOT;
		};
		OBJ_76 /* LoggerAPI */ = {
			isa = PBXGroup;
			children = (
				OBJ_77 /* Logger.swift */,
			);
			name = LoggerAPI;
			path = ".build/checkouts/LoggerAPI.git--6449715459278086880/Sources/LoggerAPI";
			sourceTree = SOURCE_ROOT;
		};
		OBJ_78 /* Products */ = {
			isa = PBXGroup;
			children = (
				OBJ_79 /* LoggerAPI.framework */,
				OBJ_80 /* Socket.framework */,
				OBJ_81 /* SSLService.framework */,
				OBJ_82 /* KituraNet.framework */,
				OBJ_83 /* CHTTPParser.framework */,
				OBJ_84 /* SwiftyJSON.framework */,
				OBJ_85 /* KituraHTTPTest.framework */,
				OBJ_86 /* KituraHTTPTestTests.xctest */,
			);
			name = Products;
			sourceTree = BUILT_PRODUCTS_DIR;
		};
		OBJ_8 /* KituraHTTPTest */ = {
			isa = PBXGroup;
			children = (
				OBJ_9 /* Request.swift */,
				OBJ_10 /* ResponseRecorder.swift */,
			);
			name = KituraHTTPTest;
			path = Sources/KituraHTTPTest;
			sourceTree = SOURCE_ROOT;
		};
/* End PBXGroup section */

/* Begin PBXNativeTarget section */
		OBJ_103 /* SSLService */ = {
			isa = PBXNativeTarget;
			buildConfigurationList = OBJ_104 /* Build configuration list for PBXNativeTarget "SSLService" */;
			buildPhases = (
				OBJ_107 /* Sources */,
				OBJ_109 /* Frameworks */,
			);
			buildRules = (
			);
			dependencies = (
				OBJ_111 /* PBXTargetDependency */,
			);
			name = SSLService;
			productName = SSLService;
			productReference = OBJ_81 /* SSLService.framework */;
			productType = "com.apple.product-type.framework";
		};
		OBJ_112 /* KituraNet */ = {
			isa = PBXNativeTarget;
			buildConfigurationList = OBJ_113 /* Build configuration list for PBXNativeTarget "KituraNet" */;
			buildPhases = (
				OBJ_116 /* Sources */,
				OBJ_152 /* Frameworks */,
			);
			buildRules = (
			);
			dependencies = (
				OBJ_157 /* PBXTargetDependency */,
				OBJ_158 /* PBXTargetDependency */,
				OBJ_159 /* PBXTargetDependency */,
				OBJ_160 /* PBXTargetDependency */,
			);
			name = KituraNet;
			productName = KituraNet;
			productReference = OBJ_82 /* KituraNet.framework */;
			productType = "com.apple.product-type.framework";
		};
		OBJ_161 /* CHTTPParser */ = {
			isa = PBXNativeTarget;
			buildConfigurationList = OBJ_162 /* Build configuration list for PBXNativeTarget "CHTTPParser" */;
			buildPhases = (
				OBJ_165 /* ShellScript */,
				OBJ_166 /* Sources */,
				OBJ_169 /* Frameworks */,
			);
			buildRules = (
			);
			dependencies = (
				OBJ_173 /* PBXTargetDependency */,
				OBJ_174 /* PBXTargetDependency */,
				OBJ_175 /* PBXTargetDependency */,
			);
			name = CHTTPParser;
			productName = CHTTPParser;
			productReference = OBJ_83 /* CHTTPParser.framework */;
			productType = "com.apple.product-type.framework";
		};
		OBJ_176 /* SwiftyJSON */ = {
			isa = PBXNativeTarget;
			buildConfigurationList = OBJ_177 /* Build configuration list for PBXNativeTarget "SwiftyJSON" */;
			buildPhases = (
				OBJ_180 /* Sources */,
				OBJ_183 /* Frameworks */,
			);
			buildRules = (
			);
			dependencies = (
			);
			name = SwiftyJSON;
			productName = SwiftyJSON;
			productReference = OBJ_84 /* SwiftyJSON.framework */;
			productType = "com.apple.product-type.framework";
		};
		OBJ_184 /* KituraHTTPTest */ = {
			isa = PBXNativeTarget;
			buildConfigurationList = OBJ_185 /* Build configuration list for PBXNativeTarget "KituraHTTPTest" */;
			buildPhases = (
				OBJ_188 /* Sources */,
				OBJ_191 /* Frameworks */,
			);
			buildRules = (
			);
			dependencies = (
				OBJ_198 /* PBXTargetDependency */,
				OBJ_199 /* PBXTargetDependency */,
				OBJ_200 /* PBXTargetDependency */,
				OBJ_201 /* PBXTargetDependency */,
				OBJ_202 /* PBXTargetDependency */,
				OBJ_203 /* PBXTargetDependency */,
			);
			name = KituraHTTPTest;
			productName = KituraHTTPTest;
			productReference = OBJ_85 /* KituraHTTPTest.framework */;
			productType = "com.apple.product-type.framework";
		};
		OBJ_204 /* KituraHTTPTestTests */ = {
			isa = PBXNativeTarget;
			buildConfigurationList = OBJ_205 /* Build configuration list for PBXNativeTarget "KituraHTTPTestTests" */;
			buildPhases = (
				OBJ_208 /* Sources */,
				OBJ_211 /* Frameworks */,
			);
			buildRules = (
			);
			dependencies = (
				OBJ_219 /* PBXTargetDependency */,
				OBJ_220 /* PBXTargetDependency */,
				OBJ_221 /* PBXTargetDependency */,
				OBJ_222 /* PBXTargetDependency */,
				OBJ_223 /* PBXTargetDependency */,
				OBJ_224 /* PBXTargetDependency */,
				OBJ_225 /* PBXTargetDependency */,
			);
			name = KituraHTTPTestTests;
			productName = KituraHTTPTestTests;
			productReference = OBJ_86 /* KituraHTTPTestTests.xctest */;
			productType = "com.apple.product-type.bundle.unit-test";
		};
		OBJ_87 /* LoggerAPI */ = {
			isa = PBXNativeTarget;
			buildConfigurationList = OBJ_88 /* Build configuration list for PBXNativeTarget "LoggerAPI" */;
			buildPhases = (
				OBJ_91 /* Sources */,
				OBJ_93 /* Frameworks */,
			);
			buildRules = (
			);
			dependencies = (
			);
			name = LoggerAPI;
			productName = LoggerAPI;
			productReference = OBJ_79 /* LoggerAPI.framework */;
			productType = "com.apple.product-type.framework";
		};
		OBJ_94 /* Socket */ = {
			isa = PBXNativeTarget;
			buildConfigurationList = OBJ_95 /* Build configuration list for PBXNativeTarget "Socket" */;
			buildPhases = (
				OBJ_98 /* Sources */,
				OBJ_102 /* Frameworks */,
			);
			buildRules = (
			);
			dependencies = (
			);
			name = Socket;
			productName = Socket;
			productReference = OBJ_80 /* Socket.framework */;
			productType = "com.apple.product-type.framework";
		};
/* End PBXNativeTarget section */

/* Begin PBXProject section */
		OBJ_1 /* Project object */ = {
			isa = PBXProject;
			attributes = {
				LastUpgradeCheck = 9999;
			};
			buildConfigurationList = OBJ_2 /* Build configuration list for PBXProject "KituraHTTPTest" */;
			compatibilityVersion = "Xcode 3.2";
			developmentRegion = English;
			hasScannedForEncodings = 0;
			knownRegions = (
				en,
			);
			mainGroup = OBJ_5 /*  */;
			productRefGroup = OBJ_78 /* Products */;
			projectDirPath = "";
			projectRoot = "";
			targets = (
				OBJ_87 /* LoggerAPI */,
				OBJ_94 /* Socket */,
				OBJ_103 /* SSLService */,
				OBJ_112 /* KituraNet */,
				OBJ_161 /* CHTTPParser */,
				OBJ_176 /* SwiftyJSON */,
				OBJ_184 /* KituraHTTPTest */,
				OBJ_204 /* KituraHTTPTestTests */,
			);
		};
/* End PBXProject section */

/* Begin PBXShellScriptBuildPhase section */
		OBJ_165 /* ShellScript */ = {
			isa = PBXShellScriptBuildPhase;
			buildActionMask = 0;
			files = (
			);
			runOnlyForDeploymentPostprocessing = 0;
			shellPath = /bin/sh;
			shellScript = "mkdir -p \"${PROJECT_TEMP_DIR}/SymlinkLibs\"\nln -sf \"${BUILT_PRODUCTS_DIR}/${EXECUTABLE_PATH}\" \"${PROJECT_TEMP_DIR}/SymlinkLibs/lib${EXECUTABLE_NAME}.dylib\"\n";
		};
/* End PBXShellScriptBuildPhase section */

/* Begin PBXSourcesBuildPhase section */
		OBJ_107 /* Sources */ = {
			isa = PBXSourcesBuildPhase;
			buildActionMask = 0;
			files = (
				OBJ_108 /* SSLService.swift in Sources */,
			);
			runOnlyForDeploymentPostprocessing = 0;
		};
		OBJ_116 /* Sources */ = {
			isa = PBXSourcesBuildPhase;
			buildActionMask = 0;
			files = (
				OBJ_117 /* BufferList.swift in Sources */,
				OBJ_118 /* ClientRequest.swift in Sources */,
				OBJ_119 /* ClientResponse.swift in Sources */,
				OBJ_120 /* ConnectionUpgradeFactory.swift in Sources */,
				OBJ_121 /* ConnectionUpgrader.swift in Sources */,
				OBJ_122 /* Error.swift in Sources */,
				OBJ_123 /* HeadersContainer.swift in Sources */,
				OBJ_124 /* IncomingSocketHandler.swift in Sources */,
				OBJ_125 /* IncomingSocketManager.swift in Sources */,
				OBJ_126 /* IncomingSocketProcessor.swift in Sources */,
				OBJ_127 /* IncomingSocketProcessorCreator.swift in Sources */,
				OBJ_128 /* ListenerGroup.swift in Sources */,
				OBJ_129 /* ServerRequest.swift in Sources */,
				OBJ_130 /* ServerResponse.swift in Sources */,
				OBJ_131 /* SPIUtils.swift in Sources */,
				OBJ_132 /* FastCGI.swift in Sources */,
				OBJ_133 /* FastCGIRecordCreate.swift in Sources */,
				OBJ_134 /* FastCGIRecordParser.swift in Sources */,
				OBJ_135 /* FastCGIServer.swift in Sources */,
				OBJ_136 /* FastCGIServerRequest.swift in Sources */,
				OBJ_137 /* FastCGIServerResponse.swift in Sources */,
				OBJ_138 /* HTTP.swift in Sources */,
				OBJ_139 /* HTTPServer.swift in Sources */,
				OBJ_140 /* HTTPServerRequest.swift in Sources */,
				OBJ_141 /* HTTPServerResponse.swift in Sources */,
				OBJ_142 /* IncomingHTTPSocketProcessor.swift in Sources */,
				OBJ_143 /* HTTPParser.swift in Sources */,
				OBJ_144 /* HTTPParserStatus.swift in Sources */,
				OBJ_145 /* ParseResults.swift in Sources */,
				OBJ_146 /* URLParser.swift in Sources */,
				OBJ_147 /* Server.swift in Sources */,
				OBJ_148 /* ServerDelegate.swift in Sources */,
				OBJ_149 /* ServerLifecycleListener.swift in Sources */,
				OBJ_150 /* ServerMonitor.swift in Sources */,
				OBJ_151 /* ServerState.swift in Sources */,
			);
			runOnlyForDeploymentPostprocessing = 0;
		};
		OBJ_166 /* Sources */ = {
			isa = PBXSourcesBuildPhase;
			buildActionMask = 0;
			files = (
				OBJ_167 /* http_parser.c in Sources */,
				OBJ_168 /* utils.c in Sources */,
			);
			runOnlyForDeploymentPostprocessing = 0;
		};
		OBJ_180 /* Sources */ = {
			isa = PBXSourcesBuildPhase;
			buildActionMask = 0;
			files = (
				OBJ_181 /* LclJSONSerialization.swift in Sources */,
				OBJ_182 /* SwiftyJSON.swift in Sources */,
			);
			runOnlyForDeploymentPostprocessing = 0;
		};
		OBJ_188 /* Sources */ = {
			isa = PBXSourcesBuildPhase;
			buildActionMask = 0;
			files = (
				OBJ_189 /* Request.swift in Sources */,
				OBJ_190 /* ResponseRecorder.swift in Sources */,
			);
			runOnlyForDeploymentPostprocessing = 0;
		};
		OBJ_208 /* Sources */ = {
			isa = PBXSourcesBuildPhase;
			buildActionMask = 0;
			files = (
				OBJ_209 /* RequestTests.swift in Sources */,
				OBJ_210 /* ResponseRecorderTests.swift in Sources */,
			);
			runOnlyForDeploymentPostprocessing = 0;
		};
		OBJ_91 /* Sources */ = {
			isa = PBXSourcesBuildPhase;
			buildActionMask = 0;
			files = (
				OBJ_92 /* Logger.swift in Sources */,
			);
			runOnlyForDeploymentPostprocessing = 0;
		};
		OBJ_98 /* Sources */ = {
			isa = PBXSourcesBuildPhase;
			buildActionMask = 0;
			files = (
				OBJ_99 /* Socket.swift in Sources */,
				OBJ_100 /* SocketProtocols.swift in Sources */,
				OBJ_101 /* SocketUtils.swift in Sources */,
			);
			runOnlyForDeploymentPostprocessing = 0;
		};
/* End PBXSourcesBuildPhase section */

/* Begin PBXTargetDependency section */
		OBJ_111 /* PBXTargetDependency */ = {
			isa = PBXTargetDependency;
			target = OBJ_94 /* Socket */;
			targetProxy = 80B8F9501F0BBDB800E15D38 /* PBXContainerItemProxy */;
		};
		OBJ_157 /* PBXTargetDependency */ = {
			isa = PBXTargetDependency;
			target = OBJ_87 /* LoggerAPI */;
			targetProxy = 80B8F9561F0BBDB800E15D38 /* PBXContainerItemProxy */;
		};
		OBJ_158 /* PBXTargetDependency */ = {
			isa = PBXTargetDependency;
			target = OBJ_94 /* Socket */;
			targetProxy = 80B8F9571F0BBDB800E15D38 /* PBXContainerItemProxy */;
		};
		OBJ_159 /* PBXTargetDependency */ = {
			isa = PBXTargetDependency;
			target = OBJ_103 /* SSLService */;
			targetProxy = 80B8F9581F0BBDB800E15D38 /* PBXContainerItemProxy */;
		};
		OBJ_160 /* PBXTargetDependency */ = {
			isa = PBXTargetDependency;
			target = OBJ_161 /* CHTTPParser */;
			targetProxy = 80B8F9591F0BBDB800E15D38 /* PBXContainerItemProxy */;
		};
		OBJ_173 /* PBXTargetDependency */ = {
			isa = PBXTargetDependency;
			target = OBJ_87 /* LoggerAPI */;
			targetProxy = 80B8F9521F0BBDB800E15D38 /* PBXContainerItemProxy */;
		};
		OBJ_174 /* PBXTargetDependency */ = {
			isa = PBXTargetDependency;
			target = OBJ_94 /* Socket */;
			targetProxy = 80B8F9531F0BBDB800E15D38 /* PBXContainerItemProxy */;
		};
		OBJ_175 /* PBXTargetDependency */ = {
			isa = PBXTargetDependency;
			target = OBJ_103 /* SSLService */;
			targetProxy = 80B8F9541F0BBDB800E15D38 /* PBXContainerItemProxy */;
		};
		OBJ_198 /* PBXTargetDependency */ = {
			isa = PBXTargetDependency;
			target = OBJ_87 /* LoggerAPI */;
			targetProxy = 80B8F94D1F0BBDB800E15D38 /* PBXContainerItemProxy */;
		};
		OBJ_199 /* PBXTargetDependency */ = {
			isa = PBXTargetDependency;
			target = OBJ_94 /* Socket */;
			targetProxy = 80B8F94E1F0BBDB800E15D38 /* PBXContainerItemProxy */;
		};
		OBJ_200 /* PBXTargetDependency */ = {
			isa = PBXTargetDependency;
			target = OBJ_103 /* SSLService */;
			targetProxy = 80B8F94F1F0BBDB800E15D38 /* PBXContainerItemProxy */;
		};
		OBJ_201 /* PBXTargetDependency */ = {
			isa = PBXTargetDependency;
			target = OBJ_161 /* CHTTPParser */;
			targetProxy = 80B8F9511F0BBDB800E15D38 /* PBXContainerItemProxy */;
		};
		OBJ_202 /* PBXTargetDependency */ = {
			isa = PBXTargetDependency;
			target = OBJ_112 /* KituraNet */;
			targetProxy = 80B8F9551F0BBDB800E15D38 /* PBXContainerItemProxy */;
		};
		OBJ_203 /* PBXTargetDependency */ = {
			isa = PBXTargetDependency;
			target = OBJ_176 /* SwiftyJSON */;
			targetProxy = 80B8F95A1F0BBDB800E15D38 /* PBXContainerItemProxy */;
		};
		OBJ_219 /* PBXTargetDependency */ = {
			isa = PBXTargetDependency;
			target = OBJ_87 /* LoggerAPI */;
			targetProxy = 80B8F95B1F0BBDB800E15D38 /* PBXContainerItemProxy */;
		};
		OBJ_220 /* PBXTargetDependency */ = {
			isa = PBXTargetDependency;
			target = OBJ_94 /* Socket */;
			targetProxy = 80B8F95C1F0BBDB800E15D38 /* PBXContainerItemProxy */;
		};
		OBJ_221 /* PBXTargetDependency */ = {
			isa = PBXTargetDependency;
			target = OBJ_103 /* SSLService */;
			targetProxy = 80B8F95D1F0BBDB800E15D38 /* PBXContainerItemProxy */;
		};
		OBJ_222 /* PBXTargetDependency */ = {
			isa = PBXTargetDependency;
			target = OBJ_161 /* CHTTPParser */;
			targetProxy = 80B8F95E1F0BBDB800E15D38 /* PBXContainerItemProxy */;
		};
		OBJ_223 /* PBXTargetDependency */ = {
			isa = PBXTargetDependency;
			target = OBJ_112 /* KituraNet */;
			targetProxy = 80B8F95F1F0BBDB800E15D38 /* PBXContainerItemProxy */;
		};
		OBJ_224 /* PBXTargetDependency */ = {
			isa = PBXTargetDependency;
			target = OBJ_176 /* SwiftyJSON */;
			targetProxy = 80B8F9601F0BBDB800E15D38 /* PBXContainerItemProxy */;
		};
		OBJ_225 /* PBXTargetDependency */ = {
			isa = PBXTargetDependency;
			target = OBJ_184 /* KituraHTTPTest */;
			targetProxy = 80B8F9611F0BBDB800E15D38 /* PBXContainerItemProxy */;
		};
/* End PBXTargetDependency section */

/* Begin XCBuildConfiguration section */
		OBJ_105 /* Debug */ = {
			isa = XCBuildConfiguration;
			buildSettings = {
				ENABLE_TESTABILITY = YES;
				FRAMEWORK_SEARCH_PATHS = (
					"$(inherited)",
					"$(PLATFORM_DIR)/Developer/Library/Frameworks",
				);
				HEADER_SEARCH_PATHS = "$(inherited)";
				INFOPLIST_FILE = KituraHTTPTest.xcodeproj/SSLService_Info.plist;
				LD_RUNPATH_SEARCH_PATHS = "$(TOOLCHAIN_DIR)/usr/lib/swift/macosx";
				OTHER_LDFLAGS = "$(inherited)";
				OTHER_SWIFT_FLAGS = "$(inherited)";
				PRODUCT_BUNDLE_IDENTIFIER = SSLService;
				PRODUCT_MODULE_NAME = "$(TARGET_NAME:c99extidentifier)";
				PRODUCT_NAME = "$(TARGET_NAME:c99extidentifier)";
				SKIP_INSTALL = YES;
				TARGET_NAME = SSLService;
			};
			name = Debug;
		};
		OBJ_106 /* Release */ = {
			isa = XCBuildConfiguration;
			buildSettings = {
				ENABLE_TESTABILITY = YES;
				FRAMEWORK_SEARCH_PATHS = (
					"$(inherited)",
					"$(PLATFORM_DIR)/Developer/Library/Frameworks",
				);
				HEADER_SEARCH_PATHS = "$(inherited)";
				INFOPLIST_FILE = KituraHTTPTest.xcodeproj/SSLService_Info.plist;
				LD_RUNPATH_SEARCH_PATHS = "$(TOOLCHAIN_DIR)/usr/lib/swift/macosx";
				OTHER_LDFLAGS = "$(inherited)";
				OTHER_SWIFT_FLAGS = "$(inherited)";
				PRODUCT_BUNDLE_IDENTIFIER = SSLService;
				PRODUCT_MODULE_NAME = "$(TARGET_NAME:c99extidentifier)";
				PRODUCT_NAME = "$(TARGET_NAME:c99extidentifier)";
				SKIP_INSTALL = YES;
				TARGET_NAME = SSLService;
			};
			name = Release;
		};
		OBJ_114 /* Debug */ = {
			isa = XCBuildConfiguration;
			buildSettings = {
				ENABLE_TESTABILITY = YES;
				FRAMEWORK_SEARCH_PATHS = (
					"$(inherited)",
					"$(PLATFORM_DIR)/Developer/Library/Frameworks",
				);
				HEADER_SEARCH_PATHS = (
					"$(inherited)",
					"$(SRCROOT)/.build/checkouts/CCurl.git-8026296523752779197",
					"$(SRCROOT)/.build/checkouts/Kitura-net-6522211168865001239/Sources/CHTTPParser/include",
					"$(SRCROOT)/KituraHTTPTest.xcodeproj/GeneratedModuleMap/CHTTPParser",
				);
				INFOPLIST_FILE = KituraHTTPTest.xcodeproj/KituraNet_Info.plist;
				LD_RUNPATH_SEARCH_PATHS = "$(TOOLCHAIN_DIR)/usr/lib/swift/macosx";
				LIBRARY_SEARCH_PATHS = "$(PROJECT_TEMP_DIR)/SymlinkLibs/";
				OTHER_LDFLAGS = "$(inherited)";
				OTHER_SWIFT_FLAGS = "$(inherited) -Xcc -fmodule-map-file=$(SRCROOT)/KituraHTTPTest.xcodeproj/GeneratedModuleMap/CHTTPParser/module.modulemap";
				PRODUCT_BUNDLE_IDENTIFIER = KituraNet;
				PRODUCT_MODULE_NAME = "$(TARGET_NAME:c99extidentifier)";
				PRODUCT_NAME = "$(TARGET_NAME:c99extidentifier)";
				SKIP_INSTALL = YES;
				TARGET_NAME = KituraNet;
			};
			name = Debug;
		};
		OBJ_115 /* Release */ = {
			isa = XCBuildConfiguration;
			buildSettings = {
				ENABLE_TESTABILITY = YES;
				FRAMEWORK_SEARCH_PATHS = (
					"$(inherited)",
					"$(PLATFORM_DIR)/Developer/Library/Frameworks",
				);
				HEADER_SEARCH_PATHS = (
					"$(inherited)",
					"$(SRCROOT)/.build/checkouts/CCurl.git-8026296523752779197",
					"$(SRCROOT)/.build/checkouts/Kitura-net-6522211168865001239/Sources/CHTTPParser/include",
					"$(SRCROOT)/KituraHTTPTest.xcodeproj/GeneratedModuleMap/CHTTPParser",
				);
				INFOPLIST_FILE = KituraHTTPTest.xcodeproj/KituraNet_Info.plist;
				LD_RUNPATH_SEARCH_PATHS = "$(TOOLCHAIN_DIR)/usr/lib/swift/macosx";
				LIBRARY_SEARCH_PATHS = "$(PROJECT_TEMP_DIR)/SymlinkLibs/";
				OTHER_LDFLAGS = "$(inherited)";
				OTHER_SWIFT_FLAGS = "$(inherited) -Xcc -fmodule-map-file=$(SRCROOT)/KituraHTTPTest.xcodeproj/GeneratedModuleMap/CHTTPParser/module.modulemap";
				PRODUCT_BUNDLE_IDENTIFIER = KituraNet;
				PRODUCT_MODULE_NAME = "$(TARGET_NAME:c99extidentifier)";
				PRODUCT_NAME = "$(TARGET_NAME:c99extidentifier)";
				SKIP_INSTALL = YES;
				TARGET_NAME = KituraNet;
			};
			name = Release;
		};
		OBJ_163 /* Debug */ = {
			isa = XCBuildConfiguration;
			buildSettings = {
				DEFINES_MODULE = NO;
				ENABLE_TESTABILITY = YES;
				FRAMEWORK_SEARCH_PATHS = (
					"$(inherited)",
					"$(PLATFORM_DIR)/Developer/Library/Frameworks",
				);
				HEADER_SEARCH_PATHS = (
					"$(inherited)",
					"$(SRCROOT)/.build/checkouts/Kitura-net-6522211168865001239/Sources/CHTTPParser/include",
					"$(SRCROOT)/.build/checkouts/CCurl.git-8026296523752779197",
				);
				INFOPLIST_FILE = KituraHTTPTest.xcodeproj/CHTTPParser_Info.plist;
				LD_RUNPATH_SEARCH_PATHS = "$(TOOLCHAIN_DIR)/usr/lib/swift/macosx";
				OTHER_LDFLAGS = "$(inherited)";
				OTHER_SWIFT_FLAGS = "$(inherited)";
				PRODUCT_BUNDLE_IDENTIFIER = CHTTPParser;
				PRODUCT_MODULE_NAME = "$(TARGET_NAME:c99extidentifier)";
				PRODUCT_NAME = "$(TARGET_NAME:c99extidentifier)";
				SKIP_INSTALL = YES;
				TARGET_NAME = CHTTPParser;
			};
			name = Debug;
		};
		OBJ_164 /* Release */ = {
			isa = XCBuildConfiguration;
			buildSettings = {
				DEFINES_MODULE = NO;
				ENABLE_TESTABILITY = YES;
				FRAMEWORK_SEARCH_PATHS = (
					"$(inherited)",
					"$(PLATFORM_DIR)/Developer/Library/Frameworks",
				);
				HEADER_SEARCH_PATHS = (
					"$(inherited)",
					"$(SRCROOT)/.build/checkouts/Kitura-net-6522211168865001239/Sources/CHTTPParser/include",
					"$(SRCROOT)/.build/checkouts/CCurl.git-8026296523752779197",
				);
				INFOPLIST_FILE = KituraHTTPTest.xcodeproj/CHTTPParser_Info.plist;
				LD_RUNPATH_SEARCH_PATHS = "$(TOOLCHAIN_DIR)/usr/lib/swift/macosx";
				OTHER_LDFLAGS = "$(inherited)";
				OTHER_SWIFT_FLAGS = "$(inherited)";
				PRODUCT_BUNDLE_IDENTIFIER = CHTTPParser;
				PRODUCT_MODULE_NAME = "$(TARGET_NAME:c99extidentifier)";
				PRODUCT_NAME = "$(TARGET_NAME:c99extidentifier)";
				SKIP_INSTALL = YES;
				TARGET_NAME = CHTTPParser;
			};
			name = Release;
		};
		OBJ_178 /* Debug */ = {
			isa = XCBuildConfiguration;
			buildSettings = {
				ENABLE_TESTABILITY = YES;
				FRAMEWORK_SEARCH_PATHS = (
					"$(inherited)",
					"$(PLATFORM_DIR)/Developer/Library/Frameworks",
				);
				HEADER_SEARCH_PATHS = "$(inherited)";
				INFOPLIST_FILE = KituraHTTPTest.xcodeproj/SwiftyJSON_Info.plist;
				LD_RUNPATH_SEARCH_PATHS = "$(TOOLCHAIN_DIR)/usr/lib/swift/macosx";
				OTHER_LDFLAGS = "$(inherited)";
				OTHER_SWIFT_FLAGS = "$(inherited)";
				PRODUCT_BUNDLE_IDENTIFIER = SwiftyJSON;
				PRODUCT_MODULE_NAME = "$(TARGET_NAME:c99extidentifier)";
				PRODUCT_NAME = "$(TARGET_NAME:c99extidentifier)";
				SKIP_INSTALL = YES;
				TARGET_NAME = SwiftyJSON;
			};
			name = Debug;
		};
		OBJ_179 /* Release */ = {
			isa = XCBuildConfiguration;
			buildSettings = {
				ENABLE_TESTABILITY = YES;
				FRAMEWORK_SEARCH_PATHS = (
					"$(inherited)",
					"$(PLATFORM_DIR)/Developer/Library/Frameworks",
				);
				HEADER_SEARCH_PATHS = "$(inherited)";
				INFOPLIST_FILE = KituraHTTPTest.xcodeproj/SwiftyJSON_Info.plist;
				LD_RUNPATH_SEARCH_PATHS = "$(TOOLCHAIN_DIR)/usr/lib/swift/macosx";
				OTHER_LDFLAGS = "$(inherited)";
				OTHER_SWIFT_FLAGS = "$(inherited)";
				PRODUCT_BUNDLE_IDENTIFIER = SwiftyJSON;
				PRODUCT_MODULE_NAME = "$(TARGET_NAME:c99extidentifier)";
				PRODUCT_NAME = "$(TARGET_NAME:c99extidentifier)";
				SKIP_INSTALL = YES;
				TARGET_NAME = SwiftyJSON;
			};
			name = Release;
		};
		OBJ_186 /* Debug */ = {
			isa = XCBuildConfiguration;
			buildSettings = {
				ENABLE_TESTABILITY = YES;
				FRAMEWORK_SEARCH_PATHS = (
					"$(inherited)",
					"$(PLATFORM_DIR)/Developer/Library/Frameworks",
				);
				HEADER_SEARCH_PATHS = (
					"$(inherited)",
					"$(SRCROOT)/.build/checkouts/CCurl.git-8026296523752779197",
					"$(SRCROOT)/.build/checkouts/Kitura-net-6522211168865001239/Sources/CHTTPParser/include",
					"$(SRCROOT)/KituraHTTPTest.xcodeproj/GeneratedModuleMap/CHTTPParser",
				);
				INFOPLIST_FILE = KituraHTTPTest.xcodeproj/KituraHTTPTest_Info.plist;
				LD_RUNPATH_SEARCH_PATHS = "$(TOOLCHAIN_DIR)/usr/lib/swift/macosx";
				LIBRARY_SEARCH_PATHS = "$(PROJECT_TEMP_DIR)/SymlinkLibs/";
				OTHER_LDFLAGS = "$(inherited)";
				OTHER_SWIFT_FLAGS = "$(inherited) -Xcc -fmodule-map-file=$(SRCROOT)/KituraHTTPTest.xcodeproj/GeneratedModuleMap/CHTTPParser/module.modulemap";
				PRODUCT_BUNDLE_IDENTIFIER = KituraHTTPTest;
				PRODUCT_MODULE_NAME = "$(TARGET_NAME:c99extidentifier)";
				PRODUCT_NAME = "$(TARGET_NAME:c99extidentifier)";
				SKIP_INSTALL = YES;
				TARGET_NAME = KituraHTTPTest;
			};
			name = Debug;
		};
		OBJ_187 /* Release */ = {
			isa = XCBuildConfiguration;
			buildSettings = {
				ENABLE_TESTABILITY = YES;
				FRAMEWORK_SEARCH_PATHS = (
					"$(inherited)",
					"$(PLATFORM_DIR)/Developer/Library/Frameworks",
				);
				HEADER_SEARCH_PATHS = (
					"$(inherited)",
					"$(SRCROOT)/.build/checkouts/CCurl.git-8026296523752779197",
					"$(SRCROOT)/.build/checkouts/Kitura-net-6522211168865001239/Sources/CHTTPParser/include",
					"$(SRCROOT)/KituraHTTPTest.xcodeproj/GeneratedModuleMap/CHTTPParser",
				);
				INFOPLIST_FILE = KituraHTTPTest.xcodeproj/KituraHTTPTest_Info.plist;
				LD_RUNPATH_SEARCH_PATHS = "$(TOOLCHAIN_DIR)/usr/lib/swift/macosx";
				LIBRARY_SEARCH_PATHS = "$(PROJECT_TEMP_DIR)/SymlinkLibs/";
				OTHER_LDFLAGS = "$(inherited)";
				OTHER_SWIFT_FLAGS = "$(inherited) -Xcc -fmodule-map-file=$(SRCROOT)/KituraHTTPTest.xcodeproj/GeneratedModuleMap/CHTTPParser/module.modulemap";
				PRODUCT_BUNDLE_IDENTIFIER = KituraHTTPTest;
				PRODUCT_MODULE_NAME = "$(TARGET_NAME:c99extidentifier)";
				PRODUCT_NAME = "$(TARGET_NAME:c99extidentifier)";
				SKIP_INSTALL = YES;
				TARGET_NAME = KituraHTTPTest;
			};
			name = Release;
		};
		OBJ_206 /* Debug */ = {
			isa = XCBuildConfiguration;
			buildSettings = {
				EMBEDDED_CONTENT_CONTAINS_SWIFT = YES;
				FRAMEWORK_SEARCH_PATHS = (
					"$(inherited)",
					"$(PLATFORM_DIR)/Developer/Library/Frameworks",
				);
				HEADER_SEARCH_PATHS = (
					"$(inherited)",
					"$(SRCROOT)/.build/checkouts/CCurl.git-8026296523752779197",
					"$(SRCROOT)/.build/checkouts/Kitura-net-6522211168865001239/Sources/CHTTPParser/include",
					"$(SRCROOT)/KituraHTTPTest.xcodeproj/GeneratedModuleMap/CHTTPParser",
				);
				INFOPLIST_FILE = KituraHTTPTest.xcodeproj/KituraHTTPTestTests_Info.plist;
				LD_RUNPATH_SEARCH_PATHS = "@loader_path/../Frameworks @loader_path/Frameworks";
				LIBRARY_SEARCH_PATHS = "$(PROJECT_TEMP_DIR)/SymlinkLibs/";
				OTHER_LDFLAGS = "$(inherited)";
				OTHER_SWIFT_FLAGS = "$(inherited) -Xcc -fmodule-map-file=$(SRCROOT)/KituraHTTPTest.xcodeproj/GeneratedModuleMap/CHTTPParser/module.modulemap";
				TARGET_NAME = KituraHTTPTestTests;
			};
			name = Debug;
		};
		OBJ_207 /* Release */ = {
			isa = XCBuildConfiguration;
			buildSettings = {
				EMBEDDED_CONTENT_CONTAINS_SWIFT = YES;
				FRAMEWORK_SEARCH_PATHS = (
					"$(inherited)",
					"$(PLATFORM_DIR)/Developer/Library/Frameworks",
				);
				HEADER_SEARCH_PATHS = (
					"$(inherited)",
					"$(SRCROOT)/.build/checkouts/CCurl.git-8026296523752779197",
					"$(SRCROOT)/.build/checkouts/Kitura-net-6522211168865001239/Sources/CHTTPParser/include",
					"$(SRCROOT)/KituraHTTPTest.xcodeproj/GeneratedModuleMap/CHTTPParser",
				);
				INFOPLIST_FILE = KituraHTTPTest.xcodeproj/KituraHTTPTestTests_Info.plist;
				LD_RUNPATH_SEARCH_PATHS = "@loader_path/../Frameworks @loader_path/Frameworks";
				LIBRARY_SEARCH_PATHS = "$(PROJECT_TEMP_DIR)/SymlinkLibs/";
				OTHER_LDFLAGS = "$(inherited)";
				OTHER_SWIFT_FLAGS = "$(inherited) -Xcc -fmodule-map-file=$(SRCROOT)/KituraHTTPTest.xcodeproj/GeneratedModuleMap/CHTTPParser/module.modulemap";
				TARGET_NAME = KituraHTTPTestTests;
			};
			name = Release;
		};
		OBJ_3 /* Debug */ = {
			isa = XCBuildConfiguration;
			buildSettings = {
				CLANG_ENABLE_OBJC_ARC = YES;
				COMBINE_HIDPI_IMAGES = YES;
				COPY_PHASE_STRIP = NO;
				DEBUG_INFORMATION_FORMAT = dwarf;
				DYLIB_INSTALL_NAME_BASE = "@rpath";
				ENABLE_NS_ASSERTIONS = YES;
				GCC_OPTIMIZATION_LEVEL = 0;
				MACOSX_DEPLOYMENT_TARGET = 10.10;
				ONLY_ACTIVE_ARCH = YES;
				OTHER_SWIFT_FLAGS = "-DXcode";
				PRODUCT_NAME = "$(TARGET_NAME)";
				SDKROOT = macosx;
				SUPPORTED_PLATFORMS = "macosx iphoneos iphonesimulator appletvos appletvsimulator watchos watchsimulator";
				SWIFT_ACTIVE_COMPILATION_CONDITIONS = SWIFT_PACKAGE;
				SWIFT_OPTIMIZATION_LEVEL = "-Onone";
				SWIFT_VERSION = 3.0;
				USE_HEADERMAP = NO;
			};
			name = Debug;
		};
		OBJ_4 /* Release */ = {
			isa = XCBuildConfiguration;
			buildSettings = {
				CLANG_ENABLE_OBJC_ARC = YES;
				COMBINE_HIDPI_IMAGES = YES;
				COPY_PHASE_STRIP = YES;
				DEBUG_INFORMATION_FORMAT = "dwarf-with-dsym";
				DYLIB_INSTALL_NAME_BASE = "@rpath";
				GCC_OPTIMIZATION_LEVEL = s;
				MACOSX_DEPLOYMENT_TARGET = 10.10;
				OTHER_SWIFT_FLAGS = "-DXcode";
				PRODUCT_NAME = "$(TARGET_NAME)";
				SDKROOT = macosx;
				SUPPORTED_PLATFORMS = "macosx iphoneos iphonesimulator appletvos appletvsimulator watchos watchsimulator";
				SWIFT_ACTIVE_COMPILATION_CONDITIONS = SWIFT_PACKAGE;
				SWIFT_OPTIMIZATION_LEVEL = "-Owholemodule";
				SWIFT_VERSION = 3.0;
				USE_HEADERMAP = NO;
			};
			name = Release;
		};
		OBJ_89 /* Debug */ = {
			isa = XCBuildConfiguration;
			buildSettings = {
				ENABLE_TESTABILITY = YES;
				FRAMEWORK_SEARCH_PATHS = (
					"$(inherited)",
					"$(PLATFORM_DIR)/Developer/Library/Frameworks",
				);
				HEADER_SEARCH_PATHS = "$(inherited)";
				INFOPLIST_FILE = KituraHTTPTest.xcodeproj/LoggerAPI_Info.plist;
				LD_RUNPATH_SEARCH_PATHS = "$(TOOLCHAIN_DIR)/usr/lib/swift/macosx";
				OTHER_LDFLAGS = "$(inherited)";
				OTHER_SWIFT_FLAGS = "$(inherited)";
				PRODUCT_BUNDLE_IDENTIFIER = LoggerAPI;
				PRODUCT_MODULE_NAME = "$(TARGET_NAME:c99extidentifier)";
				PRODUCT_NAME = "$(TARGET_NAME:c99extidentifier)";
				SKIP_INSTALL = YES;
				TARGET_NAME = LoggerAPI;
			};
			name = Debug;
		};
		OBJ_90 /* Release */ = {
			isa = XCBuildConfiguration;
			buildSettings = {
				ENABLE_TESTABILITY = YES;
				FRAMEWORK_SEARCH_PATHS = (
					"$(inherited)",
					"$(PLATFORM_DIR)/Developer/Library/Frameworks",
				);
				HEADER_SEARCH_PATHS = "$(inherited)";
				INFOPLIST_FILE = KituraHTTPTest.xcodeproj/LoggerAPI_Info.plist;
				LD_RUNPATH_SEARCH_PATHS = "$(TOOLCHAIN_DIR)/usr/lib/swift/macosx";
				OTHER_LDFLAGS = "$(inherited)";
				OTHER_SWIFT_FLAGS = "$(inherited)";
				PRODUCT_BUNDLE_IDENTIFIER = LoggerAPI;
				PRODUCT_MODULE_NAME = "$(TARGET_NAME:c99extidentifier)";
				PRODUCT_NAME = "$(TARGET_NAME:c99extidentifier)";
				SKIP_INSTALL = YES;
				TARGET_NAME = LoggerAPI;
			};
			name = Release;
		};
		OBJ_96 /* Debug */ = {
			isa = XCBuildConfiguration;
			buildSettings = {
				ENABLE_TESTABILITY = YES;
				FRAMEWORK_SEARCH_PATHS = (
					"$(inherited)",
					"$(PLATFORM_DIR)/Developer/Library/Frameworks",
				);
				HEADER_SEARCH_PATHS = "$(inherited)";
				INFOPLIST_FILE = KituraHTTPTest.xcodeproj/Socket_Info.plist;
				LD_RUNPATH_SEARCH_PATHS = "$(TOOLCHAIN_DIR)/usr/lib/swift/macosx";
				OTHER_LDFLAGS = "$(inherited)";
				OTHER_SWIFT_FLAGS = "$(inherited)";
				PRODUCT_BUNDLE_IDENTIFIER = Socket;
				PRODUCT_MODULE_NAME = "$(TARGET_NAME:c99extidentifier)";
				PRODUCT_NAME = "$(TARGET_NAME:c99extidentifier)";
				SKIP_INSTALL = YES;
				TARGET_NAME = Socket;
			};
			name = Debug;
		};
		OBJ_97 /* Release */ = {
			isa = XCBuildConfiguration;
			buildSettings = {
				ENABLE_TESTABILITY = YES;
				FRAMEWORK_SEARCH_PATHS = (
					"$(inherited)",
					"$(PLATFORM_DIR)/Developer/Library/Frameworks",
				);
				HEADER_SEARCH_PATHS = "$(inherited)";
				INFOPLIST_FILE = KituraHTTPTest.xcodeproj/Socket_Info.plist;
				LD_RUNPATH_SEARCH_PATHS = "$(TOOLCHAIN_DIR)/usr/lib/swift/macosx";
				OTHER_LDFLAGS = "$(inherited)";
				OTHER_SWIFT_FLAGS = "$(inherited)";
				PRODUCT_BUNDLE_IDENTIFIER = Socket;
				PRODUCT_MODULE_NAME = "$(TARGET_NAME:c99extidentifier)";
				PRODUCT_NAME = "$(TARGET_NAME:c99extidentifier)";
				SKIP_INSTALL = YES;
				TARGET_NAME = Socket;
			};
			name = Release;
		};
/* End XCBuildConfiguration section */

/* Begin XCConfigurationList section */
		OBJ_104 /* Build configuration list for PBXNativeTarget "SSLService" */ = {
			isa = XCConfigurationList;
			buildConfigurations = (
				OBJ_105 /* Debug */,
				OBJ_106 /* Release */,
			);
			defaultConfigurationIsVisible = 0;
			defaultConfigurationName = Debug;
		};
		OBJ_113 /* Build configuration list for PBXNativeTarget "KituraNet" */ = {
			isa = XCConfigurationList;
			buildConfigurations = (
				OBJ_114 /* Debug */,
				OBJ_115 /* Release */,
			);
			defaultConfigurationIsVisible = 0;
			defaultConfigurationName = Debug;
		};
		OBJ_162 /* Build configuration list for PBXNativeTarget "CHTTPParser" */ = {
			isa = XCConfigurationList;
			buildConfigurations = (
				OBJ_163 /* Debug */,
				OBJ_164 /* Release */,
			);
			defaultConfigurationIsVisible = 0;
			defaultConfigurationName = Debug;
		};
		OBJ_177 /* Build configuration list for PBXNativeTarget "SwiftyJSON" */ = {
			isa = XCConfigurationList;
			buildConfigurations = (
				OBJ_178 /* Debug */,
				OBJ_179 /* Release */,
			);
			defaultConfigurationIsVisible = 0;
			defaultConfigurationName = Debug;
		};
		OBJ_185 /* Build configuration list for PBXNativeTarget "KituraHTTPTest" */ = {
			isa = XCConfigurationList;
			buildConfigurations = (
				OBJ_186 /* Debug */,
				OBJ_187 /* Release */,
			);
			defaultConfigurationIsVisible = 0;
			defaultConfigurationName = Debug;
		};
		OBJ_2 /* Build configuration list for PBXProject "KituraHTTPTest" */ = {
			isa = XCConfigurationList;
			buildConfigurations = (
				OBJ_3 /* Debug */,
				OBJ_4 /* Release */,
			);
			defaultConfigurationIsVisible = 0;
			defaultConfigurationName = Debug;
		};
		OBJ_205 /* Build configuration list for PBXNativeTarget "KituraHTTPTestTests" */ = {
			isa = XCConfigurationList;
			buildConfigurations = (
				OBJ_206 /* Debug */,
				OBJ_207 /* Release */,
			);
			defaultConfigurationIsVisible = 0;
			defaultConfigurationName = Debug;
		};
		OBJ_88 /* Build configuration list for PBXNativeTarget "LoggerAPI" */ = {
			isa = XCConfigurationList;
			buildConfigurations = (
				OBJ_89 /* Debug */,
				OBJ_90 /* Release */,
			);
			defaultConfigurationIsVisible = 0;
			defaultConfigurationName = Debug;
		};
		OBJ_95 /* Build configuration list for PBXNativeTarget "Socket" */ = {
			isa = XCConfigurationList;
			buildConfigurations = (
				OBJ_96 /* Debug */,
				OBJ_97 /* Release */,
			);
			defaultConfigurationIsVisible = 0;
			defaultConfigurationName = Debug;
		};
/* End XCConfigurationList section */
	};
	rootObject = OBJ_1 /* Project object */;
}
